# This file is automatically @generated by Cargo.
# It is not intended for manual editing.
version = 4

[[package]]
name = "crossbeam-queue"
version = "0.3.13"
source = "registry+https://github.com/rust-lang/crates.io-index"
checksum = "803d13fb3b09d88be9f4dbc29062c66b19bf7170867ceb746d2a8689bf6c7a26"
dependencies = [
 "crossbeam-utils",
]

[[package]]
name = "crossbeam-utils"
version = "0.8.22"
source = "registry+https://github.com/rust-lang/crates.io-index"
checksum = "61803da095bee82a81bb1a452ecc25d3b2f1416d1897eb86430c6159ef717c17"

[[package]]
name = "cymbal"
version = "0.1.0"
dependencies = [
 "cymbal-core",
]

[[package]]
name = "cymbal-audio"
version = "0.1.0"
dependencies = [
 "crossbeam-queue",
 "cymbal-core",
]

[[package]]
name = "cymbal-core"
version = "0.1.0"
